<?xml version="1.0" encoding="utf-8"?>
<Project ToolsVersion="4.0" xmlns="http://schemas.microsoft.com/developer/msbuild/2003">
  <ItemGroup>
    <Filter Include="Source Files">
      <UniqueIdentifier>{4FC737F1-C7A5-4376-A066-2A32D752A2FF}</UniqueIdentifier>
      <Extensions>cpp;c;cc;cxx;c++;cppm;ixx;def;odl;idl;hpj;bat;asm;asmx</Extensions>
    </Filter>
    <Filter Include="Header Files">
      <UniqueIdentifier>{93995380-89BD-4b04-88EB-625FBE52EBFB}</UniqueIdentifier>
      <Extensions>h;hh;hpp;hxx;h++;hm;inl;inc;ipp;xsd</Extensions>
    </Filter>
    <Filter Include="Resource Files">
      <UniqueIdentifier>{67DA6AB6-F800-4c08-8B7A-83BB121AAD01}</UniqueIdentifier>
      <Extensions>rc;ico;cur;bmp;dlg;rc2;rct;bin;rgs;gif;jpg;jpeg;jpe;resx;tiff;tif;png;wav;mfcribbon-ms</Extensions>
    </Filter>
  </ItemGroup>
  <ItemGroup>
    <ClCompile Include="problem1.cpp">
      <Filter>Source Files</Filter>
    </ClCompile>
    <ClCompile Include="problem1Challenge.cpp">
      <Filter>Source Files</Filter>
    </ClCompile>
    <ClCompile Include="problem2.cpp">
      <Filter>Source Files</Filter>
    </ClCompile>
    <ClCompile Include="problem2Challenge.cpp">
      <Filter>Source Files</Filter>
    </ClCompile>
    <ClCompile Include="problem3.cpp">
      <Filter>Source Files</Filter>
    </ClCompile>
    <ClCompile Include="problem3Challenge.cpp">
      <Filter>Source Files</Filter>
    </ClCompile>
    <ClCompile Include="problem4.cpp">
      <Filter>Source Files</Filter>
    </ClCompile>
    <ClCompile Include="problem4Challenge.cpp">
      <Filter>Source Files</Filter>
    </ClCompile>
    <ClCompile Include="problem5.cpp">
      <Filter>Source Files</Filter>
    </ClCompile>
    <ClCompile Include="problem5Challenge.cpp">
      <Filter>Source Files</Filter>
    </ClCompile>
    <ClCompile Include="problem6.cpp">
      <Filter>Source Files</Filter>
    </ClCompile>
    <ClCompile Include="problem6Challenge.cpp">
      <Filter>Source Files</Filter>
    </ClCompile>
    <ClCompile Include="problem7.cpp">
      <Filter>Source Files</Filter>
    </ClCompile>
    <ClCompile Include="problem7Challenge.cpp">
      <Filter>Source Files</Filter>
    </ClCompile>
    <ClCompile Include="problem8.cpp">
      <Filter>Source Files</Filter>
    </ClCompile>
    <ClCompile Include="problem8Challenge.cpp">
      <Filter>Source Files</Filter>
    </ClCompile>
    <ClCompile Include="problem9.cpp">
      <Filter>Source Files</Filter>
    </ClCompile>
    <ClCompile Include="problem9Challenge.cpp">
      <Filter>Source Files</Filter>
    </ClCompile>
    <ClCompile Include="problem10.cpp">
      <Filter>Source Files</Filter>
    </ClCompile>
    <ClCompile Include="problem10Challenge.cpp">
      <Filter>Source Files</Filter>
    </ClCompile>
    <ClCompile Include="problem11.cpp">
      <Filter>Source Files</Filter>
    </ClCompile>
    <ClCompile Include="problem11Challenge.cpp">
      <Filter>Source Files</Filter>
    </ClCompile>
    <ClCompile Include="problem12.cpp">
      <Filter>Source Files</Filter>
    </ClCompile>
    <ClCompile Include="problem12Challenge.cpp">
      <Filter>Source Files</Filter>
    </ClCompile>
    <ClCompile Include="problem13.cpp">
      <Filter>Source Files</Filter>
    </ClCompile>
    <ClCompile Include="problem13Challenge.cpp">
      <Filter>Source Files</Filter>
    </ClCompile>
    <ClCompile Include="problem14.cpp">
      <Filter>Source Files</Filter>
    </ClCompile>
    <ClCompile Include="problem14Challenge.cpp">
      <Filter>Source Files</Filter>
    </ClCompile>
    <ClCompile Include="problem15.cpp">
      <Filter>Source Files</Filter>
    </ClCompile>
    <ClCompile Include="problem15Challenge.cpp">
      <Filter>Source Files</Filter>
    </ClCompile>
    <ClCompile Include="problem16.cpp">
      <Filter>Source Files</Filter>
    </ClCompile>
    <ClCompile Include="problem16Challenge.cpp">
      <Filter>Source Files</Filter>
    </ClCompile>
    <ClCompile Include="problem17.cpp">
      <Filter>Source Files</Filter>
    </ClCompile>
    <ClCompile Include="problem17Challenge.cpp">
      <Filter>Source Files</Filter>
    </ClCompile>
    <ClCompile Include="problem18.cpp">
      <Filter>Source Files</Filter>
    </ClCompile>
    <ClCompile Include="problem18Challenge.cpp">
      <Filter>Source Files</Filter>
    </ClCompile>
    <ClCompile Include="problem19.cpp">
      <Filter>Source Files</Filter>
    </ClCompile>
    <ClCompile Include="problem19Challenge.cpp">
      <Filter>Source Files</Filter>
    </ClCompile>
    <ClCompile Include="problem20.cpp">
      <Filter>Source Files</Filter>
    </ClCompile>
    <ClCompile Include="problem20Challenge.cpp">
      <Filter>Source Files</Filter>
    </ClCompile>
  </ItemGroup>
  <ItemGroup>
    <Text Include="input1.txt">
      <Filter>Resource Files</Filter>
    </Text>
    <Text Include="input2.txt">
      <Filter>Resource Files</Filter>
    </Text>
    <Text Include="input3.txt">
      <Filter>Resource Files</Filter>
    </Text>
    <Text Include="input4.txt">
      <Filter>Resource Files</Filter>
    </Text>
    <Text Include="input5.txt">
      <Filter>Resource Files</Filter>
    </Text>
    <Text Include="input6.txt">
      <Filter>Resource Files</Filter>
    </Text>
    <Text Include="input7.txt">
      <Filter>Resource Files</Filter>
    </Text>
    <Text Include="input8.txt">
      <Filter>Resource Files</Filter>
    </Text>
    <Text Include="input9.txt">
      <Filter>Resource Files</Filter>
    </Text>
    <Text Include="input10.txt">
      <Filter>Resource Files</Filter>
    </Text>
    <Text Include="input11.txt">
      <Filter>Resource Files</Filter>
    </Text>
    <Text Include="input12.txt">
      <Filter>Resource Files</Filter>
    </Text>
    <Text Include="input13.txt">
      <Filter>Resource Files</Filter>
    </Text>
    <Text Include="input14.txt">
      <Filter>Resource Files</Filter>
    </Text>
    <Text Include="input15.txt">
      <Filter>Resource Files</Filter>
    </Text>
    <Text Include="input16.txt">
      <Filter>Resource Files</Filter>
    </Text>
    <Text Include="input17.txt">
      <Filter>Resource Files</Filter>
    </Text>
    <Text Include="input18.txt">
      <Filter>Resource Files</Filter>
    </Text>
    <Text Include="input19.txt">
      <Filter>Resource Files</Filter>
    </Text>
    <Text Include="input20.txt">
      <Filter>Resource Files</Filter>
    </Text>
  </ItemGroup>
</Project>